
Microsoft Visual Studio Solution File, Format Version 12.00
# Visual Studio Version 16
VisualStudioVersion = 16.0.33927.289
MinimumVisualStudioVersion = 10.0.40219.1
Project("{FAE04EC0-301F-11D3-BF4B-00C04F79EFBC}") = "LinSMP1", "LinSMP1\LinSMP1.csproj", "{7BE2A6DB-281A-43B5-A5D9-0A6E47B7666B}"
EndProject
Global
	GlobalSection(SolutionConfigurationPlatforms) = preSolution
		Debug|Any CPU = Debug|Any CPU
		Release|Any CPU = Release|Any CPU
	EndGlobalSection
	GlobalSection(ProjectConfigurationPlatforms) = postSolution
		{7BE2A6DB-281A-43B5-A5D9-0A6E47B7666B}.Debug|Any CPU.ActiveCfg = Debug|Any CPU
		{7BE2A6DB-281A-43B5-A5D9-0A6E47B7666B}.Debug|Any CPU.Build.0 = Debug|Any CPU
		{7BE2A6DB-281A-43B5-A5D9-0A6E47B7666B}.Release|Any CPU.ActiveCfg = Release|Any CPU
		{7BE2A6DB-281A-43B5-A5D9-0A6E47B7666B}.Release|Any CPU.Build.0 = Release|Any CPU
	EndGlobalSection
	GlobalSection(SolutionProperties) = preSolution
		HideSolutionNode = FALSE
	EndGlobalSection
	GlobalSection(ExtensibilityGlobals) = postSolution
		SolutionGuid = {7DC18D6F-31F3-40D2-B901-ABBF5757FB69}
	EndGlobalSection
EndGlobal
